PODS:
  - SDWebImage (5.21.1):
    - SDWebImage/Core (= 5.21.1)
  - SDWebImage/Core (5.21.1)

DEPENDENCIES:
  - SDWebImage (~> 5.19)

SPEC REPOS:
  trunk:
    - SDWebImage

SPEC CHECKSUMS:
  SDWebImage: f29024626962457f3470184232766516dee8dfea

PODFILE CHECKSUM: c6c8e397f061ae56d780bf266c5263fecc551dc7

COCOAPODS: 1.16.2
