// !$*UTF8*$!
{
	archiveVersion = 1;
	classes = {
	};
	objectVersion = 77;
	objects = {

/* Begin PBXBuildFile section */
		0651E88213164F1EBF965A33 /* Pods_BookListApp_BookListAppUITests.framework in Frameworks */ = {isa = PBXBuildFile; fileRef = FFF2B403E5A894C60332F3D8 /* Pods_BookListApp_BookListAppUITests.framework */; };
		219BBCAA640AC871EE2A27E1 /* Pods_BookListAppTests.framework in Frameworks */ = {isa = PBXBuildFile; fileRef = 3A81F6B88D48DB73E8A2F83D /* Pods_BookListAppTests.framework */; };
		CD6721BB56FCBFD3333AC167 /* Pods_BookListApp.framework in Frameworks */ = {isa = PBXBuildFile; fileRef = BFB47A375C5230F1894809D4 /* Pods_BookListApp.framework */; };
/* End PBXBuildFile section */

/* Begin PBXContainerItemProxy section */
		2B0D7F922E24F13F0041A072 /* PBXContainerItemProxy */ = {
			isa = PBXContainerItemProxy;
			containerPortal = 2B0D7F6E2E24F13E0041A072 /* Project object */;
			proxyType = 1;
			remoteGlobalIDString = 2B0D7F752E24F13E0041A072;
			remoteInfo = BookListApp;
		};
		2B0D7F9C2E24F13F0041A072 /* PBXContainerItemProxy */ = {
			isa = PBXContainerItemProxy;
			containerPortal = 2B0D7F6E2E24F13E0041A072 /* Project object */;
			proxyType = 1;
			remoteGlobalIDString = 2B0D7F752E24F13E0041A072;
			remoteInfo = BookListApp;
		};
/* End PBXContainerItemProxy section */

/* Begin PBXFileReference section */
		28DC2BBB25C0C04C3F18F76B /* Pods-BookListAppTests.debug.xcconfig */ = {isa = PBXFileReference; includeInIndex = 1; lastKnownFileType = text.xcconfig; name = "Pods-BookListAppTests.debug.xcconfig"; path = "Target Support Files/Pods-BookListAppTests/Pods-BookListAppTests.debug.xcconfig"; sourceTree = "<group>"; };
		2B0D7F762E24F13E0041A072 /* BookListApp.app */ = {isa = PBXFileReference; explicitFileType = wrapper.application; includeInIndex = 0; path = BookListApp.app; sourceTree = BUILT_PRODUCTS_DIR; };
		2B0D7F912E24F13F0041A072 /* BookListAppTests.xctest */ = {isa = PBXFileReference; explicitFileType = wrapper.cfbundle; includeInIndex = 0; path = BookListAppTests.xctest; sourceTree = BUILT_PRODUCTS_DIR; };
		2B0D7F9B2E24F13F0041A072 /* BookListAppUITests.xctest */ = {isa = PBXFileReference; explicitFileType = wrapper.cfbundle; includeInIndex = 0; path = BookListAppUITests.xctest; sourceTree = BUILT_PRODUCTS_DIR; };
		3A81F6B88D48DB73E8A2F83D /* Pods_BookListAppTests.framework */ = {isa = PBXFileReference; explicitFileType = wrapper.framework; includeInIndex = 0; path = Pods_BookListAppTests.framework; sourceTree = BUILT_PRODUCTS_DIR; };
		4ACB6926EA12913AD0090E4C /* Pods-BookListAppTests.release.xcconfig */ = {isa = PBXFileReference; includeInIndex = 1; lastKnownFileType = text.xcconfig; name = "Pods-BookListAppTests.release.xcconfig"; path = "Target Support Files/Pods-BookListAppTests/Pods-BookListAppTests.release.xcconfig"; sourceTree = "<group>"; };
		B7D3923BEFCD3A31FA1A6BDF /* Pods-BookListApp.debug.xcconfig */ = {isa = PBXFileReference; includeInIndex = 1; lastKnownFileType = text.xcconfig; name = "Pods-BookListApp.debug.xcconfig"; path = "Target Support Files/Pods-BookListApp/Pods-BookListApp.debug.xcconfig"; sourceTree = "<group>"; };
		BFB47A375C5230F1894809D4 /* Pods_BookListApp.framework */ = {isa = PBXFileReference; explicitFileType = wrapper.framework; includeInIndex = 0; path = Pods_BookListApp.framework; sourceTree = BUILT_PRODUCTS_DIR; };
		C61FD6E56DDB339B4E98E827 /* Pods-BookListApp.release.xcconfig */ = {isa = PBXFileReference; includeInIndex = 1; lastKnownFileType = text.xcconfig; name = "Pods-BookListApp.release.xcconfig"; path = "Target Support Files/Pods-BookListApp/Pods-BookListApp.release.xcconfig"; sourceTree = "<group>"; };
		E445A57453DF34676CF3F218 /* Pods-BookListApp-BookListAppUITests.debug.xcconfig */ = {isa = PBXFileReference; includeInIndex = 1; lastKnownFileType = text.xcconfig; name = "Pods-BookListApp-BookListAppUITests.debug.xcconfig"; path = "Target Support Files/Pods-BookListApp-BookListAppUITests/Pods-BookListApp-BookListAppUITests.debug.xcconfig"; sourceTree = "<group>"; };
		F2BED9CD0D810C97B4AF1D56 /* Pods-BookListApp-BookListAppUITests.release.xcconfig */ = {isa = PBXFileReference; includeInIndex = 1; lastKnownFileType = text.xcconfig; name = "Pods-BookListApp-BookListAppUITests.release.xcconfig"; path = "Target Support Files/Pods-BookListApp-BookListAppUITests/Pods-BookListApp-BookListAppUITests.release.xcconfig"; sourceTree = "<group>"; };
		FFF2B403E5A894C60332F3D8 /* Pods_BookListApp_BookListAppUITests.framework */ = {isa = PBXFileReference; explicitFileType = wrapper.framework; includeInIndex = 0; path = Pods_BookListApp_BookListAppUITests.framework; sourceTree = BUILT_PRODUCTS_DIR; };
/* End PBXFileReference section */

/* Begin PBXFileSystemSynchronizedBuildFileExceptionSet section */
		2B0D7FA32E24F13F0041A072 /* Exceptions for "BookListApp" folder in "BookListApp" target */ = {
			isa = PBXFileSystemSynchronizedBuildFileExceptionSet;
			membershipExceptions = (
				"Supporting Files/Info.plist",
			);
			target = 2B0D7F752E24F13E0041A072 /* BookListApp */;
		};
/* End PBXFileSystemSynchronizedBuildFileExceptionSet section */

/* Begin PBXFileSystemSynchronizedRootGroup section */
		2B0D7F782E24F13E0041A072 /* BookListApp */ = {
			isa = PBXFileSystemSynchronizedRootGroup;
			exceptions = (
				2B0D7FA32E24F13F0041A072 /* Exceptions for "BookListApp" folder in "BookListApp" target */,
			);
			path = BookListApp;
			sourceTree = "<group>";
		};
		2B0D7F942E24F13F0041A072 /* BookListAppTests */ = {
			isa = PBXFileSystemSynchronizedRootGroup;
			path = BookListAppTests;
			sourceTree = "<group>";
		};
		2B0D7F9E2E24F13F0041A072 /* BookListAppUITests */ = {
			isa = PBXFileSystemSynchronizedRootGroup;
			path = BookListAppUITests;
			sourceTree = "<group>";
		};
/* End PBXFileSystemSynchronizedRootGroup section */

/* Begin PBXFrameworksBuildPhase section */
		2B0D7F732E24F13E0041A072 /* Frameworks */ = {
			isa = PBXFrameworksBuildPhase;
			buildActionMask = 2147483647;
			files = (
				CD6721BB56FCBFD3333AC167 /* Pods_BookListApp.framework in Frameworks */,
			);
			runOnlyForDeploymentPostprocessing = 0;
		};
		2B0D7F8E2E24F13F0041A072 /* Frameworks */ = {
			isa = PBXFrameworksBuildPhase;
			buildActionMask = 2147483647;
			files = (
				219BBCAA640AC871EE2A27E1 /* Pods_BookListAppTests.framework in Frameworks */,
			);
			runOnlyForDeploymentPostprocessing = 0;
		};
		2B0D7F982E24F13F0041A072 /* Frameworks */ = {
			isa = PBXFrameworksBuildPhase;
			buildActionMask = 2147483647;
			files = (
				0651E88213164F1EBF965A33 /* Pods_BookListApp_BookListAppUITests.framework in Frameworks */,
			);
			runOnlyForDeploymentPostprocessing = 0;
		};
/* End PBXFrameworksBuildPhase section */

/* Begin PBXGroup section */
		2B0D7F6D2E24F13E0041A072 = {
			isa = PBXGroup;
			children = (
				2B0D7F782E24F13E0041A072 /* BookListApp */,
				2B0D7F942E24F13F0041A072 /* BookListAppTests */,
				2B0D7F9E2E24F13F0041A072 /* BookListAppUITests */,
				2B0D7F772E24F13E0041A072 /* Products */,
				E9CD4AB3DE36326037F81613 /* Pods */,
				874760219AF29E952DE309C2 /* Frameworks */,
			);
			sourceTree = "<group>";
		};
		2B0D7F772E24F13E0041A072 /* Products */ = {
			isa = PBXGroup;
			children = (
				2B0D7F762E24F13E0041A072 /* BookListApp.app */,
				2B0D7F912E24F13F0041A072 /* BookListAppTests.xctest */,
				2B0D7F9B2E24F13F0041A072 /* BookListAppUITests.xctest */,
			);
			name = Products;
			sourceTree = "<group>";
		};
		874760219AF29E952DE309C2 /* Frameworks */ = {
			isa = PBXGroup;
			children = (
				BFB47A375C5230F1894809D4 /* Pods_BookListApp.framework */,
				FFF2B403E5A894C60332F3D8 /* Pods_BookListApp_BookListAppUITests.framework */,
				3A81F6B88D48DB73E8A2F83D /* Pods_BookListAppTests.framework */,
			);
			name = Frameworks;
			sourceTree = "<group>";
		};
		E9CD4AB3DE36326037F81613 /* Pods */ = {
			isa = PBXGroup;
			children = (
				B7D3923BEFCD3A31FA1A6BDF /* Pods-BookListApp.debug.xcconfig */,
				C61FD6E56DDB339B4E98E827 /* Pods-BookListApp.release.xcconfig */,
				E445A57453DF34676CF3F218 /* Pods-BookListApp-BookListAppUITests.debug.xcconfig */,
				F2BED9CD0D810C97B4AF1D56 /* Pods-BookListApp-BookListAppUITests.release.xcconfig */,
				28DC2BBB25C0C04C3F18F76B /* Pods-BookListAppTests.debug.xcconfig */,
				4ACB6926EA12913AD0090E4C /* Pods-BookListAppTests.release.xcconfig */,
			);
			path = Pods;
			sourceTree = "<group>";
		};
/* End PBXGroup section */

/* Begin PBXNativeTarget section */
		2B0D7F752E24F13E0041A072 /* BookListApp */ = {
			isa = PBXNativeTarget;
			buildConfigurationList = 2B0D7FA42E24F13F0041A072 /* Build configuration list for PBXNativeTarget "BookListApp" */;
			buildPhases = (
				F134E41413B4CAF9BA5C94AF /* [CP] Check Pods Manifest.lock */,
				2B0D7F722E24F13E0041A072 /* Sources */,
				2B0D7F732E24F13E0041A072 /* Frameworks */,
				2B0D7F742E24F13E0041A072 /* Resources */,
				676AA284B3D91298CA2A6B76 /* [CP] Embed Pods Frameworks */,
			);
			buildRules = (
			);
			dependencies = (
			);
			fileSystemSynchronizedGroups = (
				2B0D7F782E24F13E0041A072 /* BookListApp */,
			);
			name = BookListApp;
			productName = BookListApp;
			productReference = 2B0D7F762E24F13E0041A072 /* BookListApp.app */;
			productType = "com.apple.product-type.application";
		};
		2B0D7F902E24F13F0041A072 /* BookListAppTests */ = {
			isa = PBXNativeTarget;
			buildConfigurationList = 2B0D7FA92E24F13F0041A072 /* Build configuration list for PBXNativeTarget "BookListAppTests" */;
			buildPhases = (
				B55B35AB76EF2E250F35803E /* [CP] Check Pods Manifest.lock */,
				2B0D7F8D2E24F13F0041A072 /* Sources */,
				2B0D7F8E2E24F13F0041A072 /* Frameworks */,
				2B0D7F8F2E24F13F0041A072 /* Resources */,
			);
			buildRules = (
			);
			dependencies = (
				2B0D7F932E24F13F0041A072 /* PBXTargetDependency */,
			);
			fileSystemSynchronizedGroups = (
				2B0D7F942E24F13F0041A072 /* BookListAppTests */,
			);
			name = BookListAppTests;
			productName = BookListAppTests;
			productReference = 2B0D7F912E24F13F0041A072 /* BookListAppTests.xctest */;
			productType = "com.apple.product-type.bundle.unit-test";
		};
		2B0D7F9A2E24F13F0041A072 /* BookListAppUITests */ = {
			isa = PBXNativeTarget;
			buildConfigurationList = 2B0D7FAC2E24F13F0041A072 /* Build configuration list for PBXNativeTarget "BookListAppUITests" */;
			buildPhases = (
				16009AB37BD597D5723C4B4B /* [CP] Check Pods Manifest.lock */,
				2B0D7F972E24F13F0041A072 /* Sources */,
				2B0D7F982E24F13F0041A072 /* Frameworks */,
				2B0D7F992E24F13F0041A072 /* Resources */,
				A81728C33255FAB09B3C94FF /* [CP] Embed Pods Frameworks */,
			);
			buildRules = (
			);
			dependencies = (
				2B0D7F9D2E24F13F0041A072 /* PBXTargetDependency */,
			);
			fileSystemSynchronizedGroups = (
				2B0D7F9E2E24F13F0041A072 /* BookListAppUITests */,
			);
			name = BookListAppUITests;
			productName = BookListAppUITests;
			productReference = 2B0D7F9B2E24F13F0041A072 /* BookListAppUITests.xctest */;
			productType = "com.apple.product-type.bundle.ui-testing";
		};
/* End PBXNativeTarget section */

/* Begin PBXProject section */
		2B0D7F6E2E24F13E0041A072 /* Project object */ = {
			isa = PBXProject;
			attributes = {
				BuildIndependentTargetsInParallel = 1;
				LastUpgradeCheck = 1640;
				TargetAttributes = {
					2B0D7F752E24F13E0041A072 = {
						CreatedOnToolsVersion = 16.4;
					};
					2B0D7F902E24F13F0041A072 = {
						CreatedOnToolsVersion = 16.4;
						TestTargetID = 2B0D7F752E24F13E0041A072;
					};
					2B0D7F9A2E24F13F0041A072 = {
						CreatedOnToolsVersion = 16.4;
						TestTargetID = 2B0D7F752E24F13E0041A072;
					};
				};
			};
			buildConfigurationList = 2B0D7F712E24F13E0041A072 /* Build configuration list for PBXProject "BookListApp" */;
			developmentRegion = en;
			hasScannedForEncodings = 0;
			knownRegions = (
				en,
				Base,
			);
			mainGroup = 2B0D7F6D2E24F13E0041A072;
			minimizedProjectReferenceProxies = 1;
			preferredProjectObjectVersion = 77;
			productRefGroup = 2B0D7F772E24F13E0041A072 /* Products */;
			projectDirPath = "";
			projectRoot = "";
			targets = (
				2B0D7F752E24F13E0041A072 /* BookListApp */,
				2B0D7F902E24F13F0041A072 /* BookListAppTests */,
				2B0D7F9A2E24F13F0041A072 /* BookListAppUITests */,
			);
		};
/* End PBXProject section */

/* Begin PBXResourcesBuildPhase section */
		2B0D7F742E24F13E0041A072 /* Resources */ = {
			isa = PBXResourcesBuildPhase;
			buildActionMask = 2147483647;
			files = (
			);
			runOnlyForDeploymentPostprocessing = 0;
		};
		2B0D7F8F2E24F13F0041A072 /* Resources */ = {
			isa = PBXResourcesBuildPhase;
			buildActionMask = 2147483647;
			files = (
			);
			runOnlyForDeploymentPostprocessing = 0;
		};
		2B0D7F992E24F13F0041A072 /* Resources */ = {
			isa = PBXResourcesBuildPhase;
			buildActionMask = 2147483647;
			files = (
			);
			runOnlyForDeploymentPostprocessing = 0;
		};
/* End PBXResourcesBuildPhase section */

/* Begin PBXShellScriptBuildPhase section */
		16009AB37BD597D5723C4B4B /* [CP] Check Pods Manifest.lock */ = {
			isa = PBXShellScriptBuildPhase;
			buildActionMask = 2147483647;
			files = (
			);
			inputFileListPaths = (
			);
			inputPaths = (
				"${PODS_PODFILE_DIR_PATH}/Podfile.lock",
				"${PODS_ROOT}/Manifest.lock",
			);
			name = "[CP] Check Pods Manifest.lock";
			outputFileListPaths = (
			);
			outputPaths = (
				"$(DERIVED_FILE_DIR)/Pods-BookListApp-BookListAppUITests-checkManifestLockResult.txt",
			);
			runOnlyForDeploymentPostprocessing = 0;
			shellPath = /bin/sh;
			shellScript = "diff \"${PODS_PODFILE_DIR_PATH}/Podfile.lock\" \"${PODS_ROOT}/Manifest.lock\" > /dev/null\nif [ $? != 0 ] ; then\n    # print error to STDERR\n    echo \"error: The sandbox is not in sync with the Podfile.lock. Run 'pod install' or update your CocoaPods installation.\" >&2\n    exit 1\nfi\n# This output is used by Xcode 'outputs' to avoid re-running this script phase.\necho \"SUCCESS\" > \"${SCRIPT_OUTPUT_FILE_0}\"\n";
			showEnvVarsInLog = 0;
		};
		676AA284B3D91298CA2A6B76 /* [CP] Embed Pods Frameworks */ = {
			isa = PBXShellScriptBuildPhase;
			buildActionMask = 2147483647;
			files = (
			);
			inputFileListPaths = (
				"${PODS_ROOT}/Target Support Files/Pods-BookListApp/Pods-BookListApp-frameworks-${CONFIGURATION}-input-files.xcfilelist",
			);
			inputPaths = (
			);
			name = "[CP] Embed Pods Frameworks";
			outputFileListPaths = (
				"${PODS_ROOT}/Target Support Files/Pods-BookListApp/Pods-BookListApp-frameworks-${CONFIGURATION}-output-files.xcfilelist",
			);
			outputPaths = (
			);
			runOnlyForDeploymentPostprocessing = 0;
			shellPath = /bin/sh;
			shellScript = "\"${PODS_ROOT}/Target Support Files/Pods-BookListApp/Pods-BookListApp-frameworks.sh\"\n";
			showEnvVarsInLog = 0;
		};
		A81728C33255FAB09B3C94FF /* [CP] Embed Pods Frameworks */ = {
			isa = PBXShellScriptBuildPhase;
			buildActionMask = 2147483647;
			files = (
			);
			inputFileListPaths = (
				"${PODS_ROOT}/Target Support Files/Pods-BookListApp-BookListAppUITests/Pods-BookListApp-BookListAppUITests-frameworks-${CONFIGURATION}-input-files.xcfilelist",
			);
			inputPaths = (
			);
			name = "[CP] Embed Pods Frameworks";
			outputFileListPaths = (
				"${PODS_ROOT}/Target Support Files/Pods-BookListApp-BookListAppUITests/Pods-BookListApp-BookListAppUITests-frameworks-${CONFIGURATION}-output-files.xcfilelist",
			);
			outputPaths = (
			);
			runOnlyForDeploymentPostprocessing = 0;
			shellPath = /bin/sh;
			shellScript = "\"${PODS_ROOT}/Target Support Files/Pods-BookListApp-BookListAppUITests/Pods-BookListApp-BookListAppUITests-frameworks.sh\"\n";
			showEnvVarsInLog = 0;
		};
		B55B35AB76EF2E250F35803E /* [CP] Check Pods Manifest.lock */ = {
			isa = PBXShellScriptBuildPhase;
			buildActionMask = 2147483647;
			files = (
			);
			inputFileListPaths = (
			);
			inputPaths = (
				"${PODS_PODFILE_DIR_PATH}/Podfile.lock",
				"${PODS_ROOT}/Manifest.lock",
			);
			name = "[CP] Check Pods Manifest.lock";
			outputFileListPaths = (
			);
			outputPaths = (
				"$(DERIVED_FILE_DIR)/Pods-BookListAppTests-checkManifestLockResult.txt",
			);
			runOnlyForDeploymentPostprocessing = 0;
			shellPath = /bin/sh;
			shellScript = "diff \"${PODS_PODFILE_DIR_PATH}/Podfile.lock\" \"${PODS_ROOT}/Manifest.lock\" > /dev/null\nif [ $? != 0 ] ; then\n    # print error to STDERR\n    echo \"error: The sandbox is not in sync with the Podfile.lock. Run 'pod install' or update your CocoaPods installation.\" >&2\n    exit 1\nfi\n# This output is used by Xcode 'outputs' to avoid re-running this script phase.\necho \"SUCCESS\" > \"${SCRIPT_OUTPUT_FILE_0}\"\n";
			showEnvVarsInLog = 0;
		};
		F134E41413B4CAF9BA5C94AF /* [CP] Check Pods Manifest.lock */ = {
			isa = PBXShellScriptBuildPhase;
			buildActionMask = 2147483647;
			files = (
			);
			inputFileListPaths = (
			);
			inputPaths = (
				"${PODS_PODFILE_DIR_PATH}/Podfile.lock",
				"${PODS_ROOT}/Manifest.lock",
			);
			name = "[CP] Check Pods Manifest.lock";
			outputFileListPaths = (
			);
			outputPaths = (
				"$(DERIVED_FILE_DIR)/Pods-BookListApp-checkManifestLockResult.txt",
			);
			runOnlyForDeploymentPostprocessing = 0;
			shellPath = /bin/sh;
			shellScript = "diff \"${PODS_PODFILE_DIR_PATH}/Podfile.lock\" \"${PODS_ROOT}/Manifest.lock\" > /dev/null\nif [ $? != 0 ] ; then\n    # print error to STDERR\n    echo \"error: The sandbox is not in sync with the Podfile.lock. Run 'pod install' or update your CocoaPods installation.\" >&2\n    exit 1\nfi\n# This output is used by Xcode 'outputs' to avoid re-running this script phase.\necho \"SUCCESS\" > \"${SCRIPT_OUTPUT_FILE_0}\"\n";
			showEnvVarsInLog = 0;
		};
/* End PBXShellScriptBuildPhase section */

/* Begin PBXSourcesBuildPhase section */
		2B0D7F722E24F13E0041A072 /* Sources */ = {
			isa = PBXSourcesBuildPhase;
			buildActionMask = 2147483647;
			files = (
			);
			runOnlyForDeploymentPostprocessing = 0;
		};
		2B0D7F8D2E24F13F0041A072 /* Sources */ = {
			isa = PBXSourcesBuildPhase;
			buildActionMask = 2147483647;
			files = (
			);
			runOnlyForDeploymentPostprocessing = 0;
		};
		2B0D7F972E24F13F0041A072 /* Sources */ = {
			isa = PBXSourcesBuildPhase;
			buildActionMask = 2147483647;
			files = (
			);
			runOnlyForDeploymentPostprocessing = 0;
		};
/* End PBXSourcesBuildPhase section */

/* Begin PBXTargetDependency section */
		2B0D7F932E24F13F0041A072 /* PBXTargetDependency */ = {
			isa = PBXTargetDependency;
			target = 2B0D7F752E24F13E0041A072 /* BookListApp */;
			targetProxy = 2B0D7F922E24F13F0041A072 /* PBXContainerItemProxy */;
		};
		2B0D7F9D2E24F13F0041A072 /* PBXTargetDependency */ = {
			isa = PBXTargetDependency;
			target = 2B0D7F752E24F13E0041A072 /* BookListApp */;
			targetProxy = 2B0D7F9C2E24F13F0041A072 /* PBXContainerItemProxy */;
		};
/* End PBXTargetDependency section */

/* Begin XCBuildConfiguration section */
		2B0D7FA52E24F13F0041A072 /* Debug */ = {
			isa = XCBuildConfiguration;
			baseConfigurationReference = B7D3923BEFCD3A31FA1A6BDF /* Pods-BookListApp.debug.xcconfig */;
			buildSettings = {
				ASSETCATALOG_COMPILER_APPICON_NAME = AppIcon;
				ASSETCATALOG_COMPILER_GLOBAL_ACCENT_COLOR_NAME = AccentColor;
				CODE_SIGN_STYLE = Automatic;
				CURRENT_PROJECT_VERSION = 1;
				ENABLE_USER_SCRIPT_SANDBOXING = NO;
				GENERATE_INFOPLIST_FILE = YES;
				INFOPLIST_FILE = "BookListApp/Supporting Files/Info.plist";
				INFOPLIST_KEY_UIApplicationSupportsIndirectInputEvents = YES;
				INFOPLIST_KEY_UILaunchStoryboardName = LaunchScreen;
				INFOPLIST_KEY_UIMainStoryboardFile = "";
				INFOPLIST_KEY_UISupportedInterfaceOrientations_iPad = "UIInterfaceOrientationPortrait UIInterfaceOrientationPortraitUpsideDown UIInterfaceOrientationLandscapeLeft UIInterfaceOrientationLandscapeRight";
				INFOPLIST_KEY_UISupportedInterfaceOrientations_iPhone = "UIInterfaceOrientationPortrait UIInterfaceOrientationLandscapeLeft UIInterfaceOrientationLandscapeRight";
				LD_RUNPATH_SEARCH_PATHS = (
					"$(inherited)",
					"@executable_path/Frameworks",
				);
				MARKETING_VERSION = 1.0;
				PRODUCT_BUNDLE_IDENTIFIER = com.zhagnyu.BookListApp;
				PRODUCT_NAME = "$(TARGET_NAME)";
				SWIFT_EMIT_LOC_STRINGS = YES;
				TARGETED_DEVICE_FAMILY = "1,2";
			};
			name = Debug;
		};
		2B0D7FA62E24F13F0041A072 /* Release */ = {
			isa = XCBuildConfiguration;
			baseConfigurationReference = C61FD6E56DDB339B4E98E827 /* Pods-BookListApp.release.xcconfig */;
			buildSettings = {
				ASSETCATALOG_COMPILER_APPICON_NAME = AppIcon;
				ASSETCATALOG_COMPILER_GLOBAL_ACCENT_COLOR_NAME = AccentColor;
				CODE_SIGN_STYLE = Automatic;
				CURRENT_PROJECT_VERSION = 1;
				ENABLE_USER_SCRIPT_SANDBOXING = NO;
				GENERATE_INFOPLIST_FILE = YES;
				INFOPLIST_FILE = "BookListApp/Supporting Files/Info.plist";
				INFOPLIST_KEY_UIApplicationSupportsIndirectInputEvents = YES;
				INFOPLIST_KEY_UILaunchStoryboardName = LaunchScreen;
				INFOPLIST_KEY_UIMainStoryboardFile = "";
				INFOPLIST_KEY_UISupportedInterfaceOrientations_iPad = "UIInterfaceOrientationPortrait UIInterfaceOrientationPortraitUpsideDown UIInterfaceOrientationLandscapeLeft UIInterfaceOrientationLandscapeRight";
				INFOPLIST_KEY_UISupportedInterfaceOrientations_iPhone = "UIInterfaceOrientationPortrait UIInterfaceOrientationLandscapeLeft UIInterfaceOrientationLandscapeRight";
				LD_RUNPATH_SEARCH_PATHS = (
					"$(inherited)",
					"@executable_path/Frameworks",
				);
				MARKETING_VERSION = 1.0;
				PRODUCT_BUNDLE_IDENTIFIER = com.zhagnyu.BookListApp;
				PRODUCT_NAME = "$(TARGET_NAME)";
				SWIFT_EMIT_LOC_STRINGS = YES;
				TARGETED_DEVICE_FAMILY = "1,2";
			};
			name = Release;
		};
		2B0D7FA72E24F13F0041A072 /* Debug */ = {
			isa = XCBuildConfiguration;
			buildSettings = {
				ALWAYS_SEARCH_USER_PATHS = NO;
				ASSETCATALOG_COMPILER_GENERATE_SWIFT_ASSET_SYMBOL_EXTENSIONS = YES;
				CLANG_ANALYZER_NONNULL = YES;
				CLANG_ANALYZER_NUMBER_OBJECT_CONVERSION = YES_AGGRESSIVE;
				CLANG_CXX_LANGUAGE_STANDARD = "gnu++20";
				CLANG_ENABLE_MODULES = YES;
				CLANG_ENABLE_OBJC_ARC = YES;
				CLANG_ENABLE_OBJC_WEAK = YES;
				CLANG_WARN_BLOCK_CAPTURE_AUTORELEASING = YES;
				CLANG_WARN_BOOL_CONVERSION = YES;
				CLANG_WARN_COMMA = YES;
				CLANG_WARN_CONSTANT_CONVERSION = YES;
				CLANG_WARN_DEPRECATED_OBJC_IMPLEMENTATIONS = YES;
				CLANG_WARN_DIRECT_OBJC_ISA_USAGE = YES_ERROR;
				CLANG_WARN_DOCUMENTATION_COMMENTS = YES;
				CLANG_WARN_EMPTY_BODY = YES;
				CLANG_WARN_ENUM_CONVERSION = YES;
				CLANG_WARN_INFINITE_RECURSION = YES;
				CLANG_WARN_INT_CONVERSION = YES;
				CLANG_WARN_NON_LITERAL_NULL_CONVERSION = YES;
				CLANG_WARN_OBJC_IMPLICIT_RETAIN_SELF = YES;
				CLANG_WARN_OBJC_LITERAL_CONVERSION = YES;
				CLANG_WARN_OBJC_ROOT_CLASS = YES_ERROR;
				CLANG_WARN_QUOTED_INCLUDE_IN_FRAMEWORK_HEADER = YES;
				CLANG_WARN_RANGE_LOOP_ANALYSIS = YES;
				CLANG_WARN_STRICT_PROTOTYPES = YES;
				CLANG_WARN_SUSPICIOUS_MOVE = YES;
				CLANG_WARN_UNGUARDED_AVAILABILITY = YES_AGGRESSIVE;
				CLANG_WARN_UNREACHABLE_CODE = YES;
				CLANG_WARN__DUPLICATE_METHOD_MATCH = YES;
				COPY_PHASE_STRIP = NO;
				DEBUG_INFORMATION_FORMAT = dwarf;
				ENABLE_STRICT_OBJC_MSGSEND = YES;
				ENABLE_TESTABILITY = YES;
				ENABLE_USER_SCRIPT_SANDBOXING = YES;
				GCC_C_LANGUAGE_STANDARD = gnu17;
				GCC_DYNAMIC_NO_PIC = NO;
				GCC_NO_COMMON_BLOCKS = YES;
				GCC_OPTIMIZATION_LEVEL = 0;
				GCC_PREPROCESSOR_DEFINITIONS = (
					"DEBUG=1",
					"$(inherited)",
				);
				GCC_WARN_64_TO_32_BIT_CONVERSION = YES;
				GCC_WARN_ABOUT_RETURN_TYPE = YES_ERROR;
				GCC_WARN_UNDECLARED_SELECTOR = YES;
				GCC_WARN_UNINITIALIZED_AUTOS = YES_AGGRESSIVE;
				GCC_WARN_UNUSED_FUNCTION = YES;
				GCC_WARN_UNUSED_VARIABLE = YES;
				IPHONEOS_DEPLOYMENT_TARGET = 18.5;
				LOCALIZATION_PREFERS_STRING_CATALOGS = YES;
				MTL_ENABLE_DEBUG_INFO = INCLUDE_SOURCE;
				MTL_FAST_MATH = YES;
				ONLY_ACTIVE_ARCH = YES;
				SDKROOT = iphoneos;
			};
			name = Debug;
		};
		2B0D7FA82E24F13F0041A072 /* Release */ = {
			isa = XCBuildConfiguration;
			buildSettings = {
				ALWAYS_SEARCH_USER_PATHS = NO;
				ASSETCATALOG_COMPILER_GENERATE_SWIFT_ASSET_SYMBOL_EXTENSIONS = YES;
				CLANG_ANALYZER_NONNULL = YES;
				CLANG_ANALYZER_NUMBER_OBJECT_CONVERSION = YES_AGGRESSIVE;
				CLANG_CXX_LANGUAGE_STANDARD = "gnu++20";
				CLANG_ENABLE_MODULES = YES;
				CLANG_ENABLE_OBJC_ARC = YES;
				CLANG_ENABLE_OBJC_WEAK = YES;
				CLANG_WARN_BLOCK_CAPTURE_AUTORELEASING = YES;
				CLANG_WARN_BOOL_CONVERSION = YES;
				CLANG_WARN_COMMA = YES;
				CLANG_WARN_CONSTANT_CONVERSION = YES;
				CLANG_WARN_DEPRECATED_OBJC_IMPLEMENTATIONS = YES;
				CLANG_WARN_DIRECT_OBJC_ISA_USAGE = YES_ERROR;
				CLANG_WARN_DOCUMENTATION_COMMENTS = YES;
				CLANG_WARN_EMPTY_BODY = YES;
				CLANG_WARN_ENUM_CONVERSION = YES;
				CLANG_WARN_INFINITE_RECURSION = YES;
				CLANG_WARN_INT_CONVERSION = YES;
				CLANG_WARN_NON_LITERAL_NULL_CONVERSION = YES;
				CLANG_WARN_OBJC_IMPLICIT_RETAIN_SELF = YES;
				CLANG_WARN_OBJC_LITERAL_CONVERSION = YES;
				CLANG_WARN_OBJC_ROOT_CLASS = YES_ERROR;
				CLANG_WARN_QUOTED_INCLUDE_IN_FRAMEWORK_HEADER = YES;
				CLANG_WARN_RANGE_LOOP_ANALYSIS = YES;
				CLANG_WARN_STRICT_PROTOTYPES = YES;
				CLANG_WARN_SUSPICIOUS_MOVE = YES;
				CLANG_WARN_UNGUARDED_AVAILABILITY = YES_AGGRESSIVE;
				CLANG_WARN_UNREACHABLE_CODE = YES;
				CLANG_WARN__DUPLICATE_METHOD_MATCH = YES;
				COPY_PHASE_STRIP = NO;
				DEBUG_INFORMATION_FORMAT = "dwarf-with-dsym";
				ENABLE_NS_ASSERTIONS = NO;
				ENABLE_STRICT_OBJC_MSGSEND = YES;
				ENABLE_USER_SCRIPT_SANDBOXING = YES;
				GCC_C_LANGUAGE_STANDARD = gnu17;
				GCC_NO_COMMON_BLOCKS = YES;
				GCC_WARN_64_TO_32_BIT_CONVERSION = YES;
				GCC_WARN_ABOUT_RETURN_TYPE = YES_ERROR;
				GCC_WARN_UNDECLARED_SELECTOR = YES;
				GCC_WARN_UNINITIALIZED_AUTOS = YES_AGGRESSIVE;
				GCC_WARN_UNUSED_FUNCTION = YES;
				GCC_WARN_UNUSED_VARIABLE = YES;
				IPHONEOS_DEPLOYMENT_TARGET = 18.5;
				LOCALIZATION_PREFERS_STRING_CATALOGS = YES;
				MTL_ENABLE_DEBUG_INFO = NO;
				MTL_FAST_MATH = YES;
				SDKROOT = iphoneos;
				VALIDATE_PRODUCT = YES;
			};
			name = Release;
		};
		2B0D7FAA2E24F13F0041A072 /* Debug */ = {
			isa = XCBuildConfiguration;
			baseConfigurationReference = 28DC2BBB25C0C04C3F18F76B /* Pods-BookListAppTests.debug.xcconfig */;
			buildSettings = {
				BUNDLE_LOADER = "$(TEST_HOST)";
				CODE_SIGN_STYLE = Automatic;
				CURRENT_PROJECT_VERSION = 1;
				GENERATE_INFOPLIST_FILE = YES;
				IPHONEOS_DEPLOYMENT_TARGET = 18.5;
				MARKETING_VERSION = 1.0;
				PRODUCT_BUNDLE_IDENTIFIER = com.zhagnyu.BookListAppTests;
				PRODUCT_NAME = "$(TARGET_NAME)";
				SWIFT_EMIT_LOC_STRINGS = NO;
				TARGETED_DEVICE_FAMILY = "1,2";
				TEST_HOST = "$(BUILT_PRODUCTS_DIR)/BookListApp.app/$(BUNDLE_EXECUTABLE_FOLDER_PATH)/BookListApp";
			};
			name = Debug;
		};
		2B0D7FAB2E24F13F0041A072 /* Release */ = {
			isa = XCBuildConfiguration;
			baseConfigurationReference = 4ACB6926EA12913AD0090E4C /* Pods-BookListAppTests.release.xcconfig */;
			buildSettings = {
				BUNDLE_LOADER = "$(TEST_HOST)";
				CODE_SIGN_STYLE = Automatic;
				CURRENT_PROJECT_VERSION = 1;
				GENERATE_INFOPLIST_FILE = YES;
				IPHONEOS_DEPLOYMENT_TARGET = 18.5;
				MARKETING_VERSION = 1.0;
				PRODUCT_BUNDLE_IDENTIFIER = com.zhagnyu.BookListAppTests;
				PRODUCT_NAME = "$(TARGET_NAME)";
				SWIFT_EMIT_LOC_STRINGS = NO;
				TARGETED_DEVICE_FAMILY = "1,2";
				TEST_HOST = "$(BUILT_PRODUCTS_DIR)/BookListApp.app/$(BUNDLE_EXECUTABLE_FOLDER_PATH)/BookListApp";
			};
			name = Release;
		};
		2B0D7FAD2E24F13F0041A072 /* Debug */ = {
			isa = XCBuildConfiguration;
			baseConfigurationReference = E445A57453DF34676CF3F218 /* Pods-BookListApp-BookListAppUITests.debug.xcconfig */;
			buildSettings = {
				CODE_SIGN_STYLE = Automatic;
				CURRENT_PROJECT_VERSION = 1;
				GENERATE_INFOPLIST_FILE = YES;
				MARKETING_VERSION = 1.0;
				PRODUCT_BUNDLE_IDENTIFIER = com.zhagnyu.BookListAppUITests;
				PRODUCT_NAME = "$(TARGET_NAME)";
				SWIFT_EMIT_LOC_STRINGS = NO;
				TARGETED_DEVICE_FAMILY = "1,2";
				TEST_TARGET_NAME = BookListApp;
			};
			name = Debug;
		};
		2B0D7FAE2E24F13F0041A072 /* Release */ = {
			isa = XCBuildConfiguration;
			baseConfigurationReference = F2BED9CD0D810C97B4AF1D56 /* Pods-BookListApp-BookListAppUITests.release.xcconfig */;
			buildSettings = {
				CODE_SIGN_STYLE = Automatic;
				CURRENT_PROJECT_VERSION = 1;
				GENERATE_INFOPLIST_FILE = YES;
				MARKETING_VERSION = 1.0;
				PRODUCT_BUNDLE_IDENTIFIER = com.zhagnyu.BookListAppUITests;
				PRODUCT_NAME = "$(TARGET_NAME)";
				SWIFT_EMIT_LOC_STRINGS = NO;
				TARGETED_DEVICE_FAMILY = "1,2";
				TEST_TARGET_NAME = BookListApp;
			};
			name = Release;
		};
/* End XCBuildConfiguration section */

/* Begin XCConfigurationList section */
		2B0D7F712E24F13E0041A072 /* Build configuration list for PBXProject "BookListApp" */ = {
			isa = XCConfigurationList;
			buildConfigurations = (
				2B0D7FA72E24F13F0041A072 /* Debug */,
				2B0D7FA82E24F13F0041A072 /* Release */,
			);
			defaultConfigurationIsVisible = 0;
			defaultConfigurationName = Release;
		};
		2B0D7FA42E24F13F0041A072 /* Build configuration list for PBXNativeTarget "BookListApp" */ = {
			isa = XCConfigurationList;
			buildConfigurations = (
				2B0D7FA52E24F13F0041A072 /* Debug */,
				2B0D7FA62E24F13F0041A072 /* Release */,
			);
			defaultConfigurationIsVisible = 0;
			defaultConfigurationName = Release;
		};
		2B0D7FA92E24F13F0041A072 /* Build configuration list for PBXNativeTarget "BookListAppTests" */ = {
			isa = XCConfigurationList;
			buildConfigurations = (
				2B0D7FAA2E24F13F0041A072 /* Debug */,
				2B0D7FAB2E24F13F0041A072 /* Release */,
			);
			defaultConfigurationIsVisible = 0;
			defaultConfigurationName = Release;
		};
		2B0D7FAC2E24F13F0041A072 /* Build configuration list for PBXNativeTarget "BookListAppUITests" */ = {
			isa = XCConfigurationList;
			buildConfigurations = (
				2B0D7FAD2E24F13F0041A072 /* Debug */,
				2B0D7FAE2E24F13F0041A072 /* Release */,
			);
			defaultConfigurationIsVisible = 0;
			defaultConfigurationName = Release;
		};
/* End XCConfigurationList section */
	};
	rootObject = 2B0D7F6E2E24F13E0041A072 /* Project object */;
}
